
Microsoft Visual Studio Solution File, Format Version 12.00
# Visual Studio Version 17
VisualStudioVersion = 17.0.31903.59
MinimumVisualStudioVersion = 10.0.40219.1
Project("{2150E333-8FDC-42A3-9474-1A3956D46DE8}") = "src", "src", "{0A89CA6B-4F73-447E-93A3-85D247C77EF7}"
EndProject
Project("{FAE04EC0-301F-11D3-BF4B-00C04F79EFBC}") = "Core", "src\Core\Core.csproj", "{11CFD75C-82C5-47A0-8FE8-1492CE4B5EDC}"
EndProject
Project("{2150E333-8FDC-42A3-9474-1A3956D46DE8}") = "test", "test", "{132C32A7-FD33-4407-A9DD-6351BB2CBE02}"
EndProject
Project("{FAE04EC0-301F-11D3-BF4B-00C04F79EFBC}") = "Core.Tests", "test\Core.Tests\Core.Tests.csproj", "{D02FCA24-BC09-4CFE-9173-25C3035CA776}"
EndProject
Project("{FAE04EC0-301F-11D3-BF4B-00C04F79EFBC}") = "Adapter.Api", "src\Adapter.Api\Adapter.Api.csproj", "{97BC4C77-CA25-44D1-9CEF-BC579ECE941B}"
EndProject
Project("{FAE04EC0-301F-11D3-BF4B-00C04F79EFBC}") = "Adapter.Api.Tests", "test\Adapter.Api.Tests\Adapter.Api.Tests.csproj", "{9F762AB6-F925-4BBF-8894-4B71EB7520F6}"
EndProject
Project("{FAE04EC0-301F-11D3-BF4B-00C04F79EFBC}") = "Adapter.Kafka", "src\Adapter.Kafka\Adapter.Kafka.csproj", "{B36E7049-5FF6-4307-ACBE-05A3EFBE159D}"
EndProject
Project("{FAE04EC0-301F-11D3-BF4B-00C04F79EFBC}") = "Adapter.Kafka.Tests", "test\Adapter.Kafka.Tests\Adapter.Kafka.Tests.csproj", "{51E5FDF0-5DCC-4A6F-945D-6A97FF00DE69}"
EndProject
Project("{FAE04EC0-301F-11D3-BF4B-00C04F79EFBC}") = "Adapter.PostgreSQL", "src\Adapter.PostgreSQL\Adapter.PostgreSQL.csproj", "{B359A9F7-547A-4E5E-B42B-9B4E881521C8}"
EndProject
Project("{FAE04EC0-301F-11D3-BF4B-00C04F79EFBC}") = "Adapter.PostgreSQL.Tests", "test\Adapter.PostgreSQL.Tests\Adapter.PostgreSQL.Tests.csproj", "{B08169FE-3772-4794-ABDC-2F1EA8B30F37}"
EndProject
Project("{FAE04EC0-301F-11D3-BF4B-00C04F79EFBC}") = "Application.Api", "src\Application.Api\Application.Api.csproj", "{EA9B9CF4-2AAD-45FC-BE2F-9F9D00316988}"
EndProject
Global
	GlobalSection(SolutionConfigurationPlatforms) = preSolution
		Debug|Any CPU = Debug|Any CPU
		Release|Any CPU = Release|Any CPU
	EndGlobalSection
	GlobalSection(SolutionProperties) = preSolution
		HideSolutionNode = FALSE
	EndGlobalSection
	GlobalSection(ProjectConfigurationPlatforms) = postSolution
		{11CFD75C-82C5-47A0-8FE8-1492CE4B5EDC}.Debug|Any CPU.ActiveCfg = Debug|Any CPU
		{11CFD75C-82C5-47A0-8FE8-1492CE4B5EDC}.Debug|Any CPU.Build.0 = Debug|Any CPU
		{11CFD75C-82C5-47A0-8FE8-1492CE4B5EDC}.Release|Any CPU.ActiveCfg = Release|Any CPU
		{11CFD75C-82C5-47A0-8FE8-1492CE4B5EDC}.Release|Any CPU.Build.0 = Release|Any CPU
		{D02FCA24-BC09-4CFE-9173-25C3035CA776}.Debug|Any CPU.ActiveCfg = Debug|Any CPU
		{D02FCA24-BC09-4CFE-9173-25C3035CA776}.Debug|Any CPU.Build.0 = Debug|Any CPU
		{D02FCA24-BC09-4CFE-9173-25C3035CA776}.Release|Any CPU.ActiveCfg = Release|Any CPU
		{D02FCA24-BC09-4CFE-9173-25C3035CA776}.Release|Any CPU.Build.0 = Release|Any CPU
		{97BC4C77-CA25-44D1-9CEF-BC579ECE941B}.Debug|Any CPU.ActiveCfg = Debug|Any CPU
		{97BC4C77-CA25-44D1-9CEF-BC579ECE941B}.Debug|Any CPU.Build.0 = Debug|Any CPU
		{97BC4C77-CA25-44D1-9CEF-BC579ECE941B}.Release|Any CPU.ActiveCfg = Release|Any CPU
		{97BC4C77-CA25-44D1-9CEF-BC579ECE941B}.Release|Any CPU.Build.0 = Release|Any CPU
		{9F762AB6-F925-4BBF-8894-4B71EB7520F6}.Debug|Any CPU.ActiveCfg = Debug|Any CPU
		{9F762AB6-F925-4BBF-8894-4B71EB7520F6}.Debug|Any CPU.Build.0 = Debug|Any CPU
		{9F762AB6-F925-4BBF-8894-4B71EB7520F6}.Release|Any CPU.ActiveCfg = Release|Any CPU
		{9F762AB6-F925-4BBF-8894-4B71EB7520F6}.Release|Any CPU.Build.0 = Release|Any CPU
		{B36E7049-5FF6-4307-ACBE-05A3EFBE159D}.Debug|Any CPU.ActiveCfg = Debug|Any CPU
		{B36E7049-5FF6-4307-ACBE-05A3EFBE159D}.Debug|Any CPU.Build.0 = Debug|Any CPU
		{B36E7049-5FF6-4307-ACBE-05A3EFBE159D}.Release|Any CPU.ActiveCfg = Release|Any CPU
		{B36E7049-5FF6-4307-ACBE-05A3EFBE159D}.Release|Any CPU.Build.0 = Release|Any CPU
		{51E5FDF0-5DCC-4A6F-945D-6A97FF00DE69}.Debug|Any CPU.ActiveCfg = Debug|Any CPU
		{51E5FDF0-5DCC-4A6F-945D-6A97FF00DE69}.Debug|Any CPU.Build.0 = Debug|Any CPU
		{51E5FDF0-5DCC-4A6F-945D-6A97FF00DE69}.Release|Any CPU.ActiveCfg = Release|Any CPU
		{51E5FDF0-5DCC-4A6F-945D-6A97FF00DE69}.Release|Any CPU.Build.0 = Release|Any CPU
		{B359A9F7-547A-4E5E-B42B-9B4E881521C8}.Debug|Any CPU.ActiveCfg = Debug|Any CPU
		{B359A9F7-547A-4E5E-B42B-9B4E881521C8}.Debug|Any CPU.Build.0 = Debug|Any CPU
		{B359A9F7-547A-4E5E-B42B-9B4E881521C8}.Release|Any CPU.ActiveCfg = Release|Any CPU
		{B359A9F7-547A-4E5E-B42B-9B4E881521C8}.Release|Any CPU.Build.0 = Release|Any CPU
		{B08169FE-3772-4794-ABDC-2F1EA8B30F37}.Debug|Any CPU.ActiveCfg = Debug|Any CPU
		{B08169FE-3772-4794-ABDC-2F1EA8B30F37}.Debug|Any CPU.Build.0 = Debug|Any CPU
		{B08169FE-3772-4794-ABDC-2F1EA8B30F37}.Release|Any CPU.ActiveCfg = Release|Any CPU
		{B08169FE-3772-4794-ABDC-2F1EA8B30F37}.Release|Any CPU.Build.0 = Release|Any CPU
		{EA9B9CF4-2AAD-45FC-BE2F-9F9D00316988}.Debug|Any CPU.ActiveCfg = Debug|Any CPU
		{EA9B9CF4-2AAD-45FC-BE2F-9F9D00316988}.Debug|Any CPU.Build.0 = Debug|Any CPU
		{EA9B9CF4-2AAD-45FC-BE2F-9F9D00316988}.Release|Any CPU.ActiveCfg = Release|Any CPU
		{EA9B9CF4-2AAD-45FC-BE2F-9F9D00316988}.Release|Any CPU.Build.0 = Release|Any CPU
	EndGlobalSection
	GlobalSection(NestedProjects) = preSolution
		{11CFD75C-82C5-47A0-8FE8-1492CE4B5EDC} = {0A89CA6B-4F73-447E-93A3-85D247C77EF7}
		{D02FCA24-BC09-4CFE-9173-25C3035CA776} = {132C32A7-FD33-4407-A9DD-6351BB2CBE02}
		{97BC4C77-CA25-44D1-9CEF-BC579ECE941B} = {0A89CA6B-4F73-447E-93A3-85D247C77EF7}
		{9F762AB6-F925-4BBF-8894-4B71EB7520F6} = {132C32A7-FD33-4407-A9DD-6351BB2CBE02}
		{B36E7049-5FF6-4307-ACBE-05A3EFBE159D} = {0A89CA6B-4F73-447E-93A3-85D247C77EF7}
		{51E5FDF0-5DCC-4A6F-945D-6A97FF00DE69} = {132C32A7-FD33-4407-A9DD-6351BB2CBE02}
		{B359A9F7-547A-4E5E-B42B-9B4E881521C8} = {0A89CA6B-4F73-447E-93A3-85D247C77EF7}
		{B08169FE-3772-4794-ABDC-2F1EA8B30F37} = {132C32A7-FD33-4407-A9DD-6351BB2CBE02}
		{EA9B9CF4-2AAD-45FC-BE2F-9F9D00316988} = {0A89CA6B-4F73-447E-93A3-85D247C77EF7}
	EndGlobalSection
EndGlobal
